
Microsoft Visual Studio Solution File, Format Version 12.00
# Visual Studio 15
VisualStudioVersion = 15.0.28010.2041
MinimumVisualStudioVersion = 10.0.40219.1
Project("{8BC9CEB8-8B4A-11D0-8D11-00A0C91BC942}") = "wordgui", "wordgui\wordgui.vcxproj", "{50FBE40D-2E74-435B-9B46-DE0FE57215CA}"
EndProject
Global
	GlobalSection(SolutionConfigurationPlatforms) = preSolution
		Debug|x64 = Debug|x64
		Debug|x86 = Debug|x86
		Release|x64 = Release|x64
		Release|x86 = Release|x86
	EndGlobalSection
	GlobalSection(ProjectConfigurationPlatforms) = postSolution
		{50FBE40D-2E74-435B-9B46-DE0FE57215CA}.Debug|x64.ActiveCfg = Debug|x64
		{50FBE40D-2E74-435B-9B46-DE0FE57215CA}.Debug|x64.Build.0 = Debug|x64
		{50FBE40D-2E74-435B-9B46-DE0FE57215CA}.Debug|x86.ActiveCfg = Debug|Win32
		{50FBE40D-2E74-435B-9B46-DE0FE57215CA}.Debug|x86.Build.0 = Debug|Win32
		{50FBE40D-2E74-435B-9B46-DE0FE57215CA}.Release|x64.ActiveCfg = Release|x64
		{50FBE40D-2E74-435B-9B46-DE0FE57215CA}.Release|x64.Build.0 = Release|x64
		{50FBE40D-2E74-435B-9B46-DE0FE57215CA}.Release|x86.ActiveCfg = Release|Win32
		{50FBE40D-2E74-435B-9B46-DE0FE57215CA}.Release|x86.Build.0 = Release|Win32
	EndGlobalSection
	GlobalSection(SolutionProperties) = preSolution
		HideSolutionNode = FALSE
	EndGlobalSection
	GlobalSection(ExtensibilityGlobals) = postSolution
		SolutionGuid = {B6913F30-7F00-484A-AF7D-BEA705725600}
	EndGlobalSection
EndGlobal
